
Microsoft Visual Studio Solution File, Format Version 12.00
# Visual Studio Version 17
VisualStudioVersion = 17.5.002.0
MinimumVisualStudioVersion = 10.0.40219.1
Project("{9A19103F-16F7-4668-BE54-9A1E7A4F7556}") = "Tarea-Extraclase-1-2022155662", "Tarea-Extraclase-1-2022155662.csproj", "{0E1DE077-739E-4FC5-B68D-D06A181E9FBD}"
EndProject
Global
	GlobalSection(SolutionConfigurationPlatforms) = preSolution
		Debug|Any CPU = Debug|Any CPU
		Release|Any CPU = Release|Any CPU
	EndGlobalSection
	GlobalSection(ProjectConfigurationPlatforms) = postSolution
		{0E1DE077-739E-4FC5-B68D-D06A181E9FBD}.Debug|Any CPU.ActiveCfg = Debug|Any CPU
		{0E1DE077-739E-4FC5-B68D-D06A181E9FBD}.Debug|Any CPU.Build.0 = Debug|Any CPU
		{0E1DE077-739E-4FC5-B68D-D06A181E9FBD}.Release|Any CPU.ActiveCfg = Release|Any CPU
		{0E1DE077-739E-4FC5-B68D-D06A181E9FBD}.Release|Any CPU.Build.0 = Release|Any CPU
	EndGlobalSection
	GlobalSection(SolutionProperties) = preSolution
		HideSolutionNode = FALSE
	EndGlobalSection
	GlobalSection(ExtensibilityGlobals) = postSolution
		SolutionGuid = {90837425-C9BF-4E8D-81F0-C70C520429E9}
	EndGlobalSection
EndGlobal
